
Microsoft Visual Studio Solution File, Format Version 12.00
# Visual Studio Version 16
VisualStudioVersion = 16.0.30523.141
MinimumVisualStudioVersion = 10.0.40219.1
Project("{FAE04EC0-301F-11D3-BF4B-00C04F79EFBC}") = ".NET Core Assessment", ".NET Core Assessment\.NET Core Assessment.csproj", "{7344E95F-2A68-4229-BA1B-A3CE79A6DD4A}"
EndProject
Global
	GlobalSection(SolutionConfigurationPlatforms) = preSolution
		Debug|Any CPU = Debug|Any CPU
		Release|Any CPU = Release|Any CPU
	EndGlobalSection
	GlobalSection(ProjectConfigurationPlatforms) = postSolution
		{7344E95F-2A68-4229-BA1B-A3CE79A6DD4A}.Debug|Any CPU.ActiveCfg = Debug|Any CPU
		{7344E95F-2A68-4229-BA1B-A3CE79A6DD4A}.Debug|Any CPU.Build.0 = Debug|Any CPU
		{7344E95F-2A68-4229-BA1B-A3CE79A6DD4A}.Release|Any CPU.ActiveCfg = Release|Any CPU
		{7344E95F-2A68-4229-BA1B-A3CE79A6DD4A}.Release|Any CPU.Build.0 = Release|Any CPU
	EndGlobalSection
	GlobalSection(SolutionProperties) = preSolution
		HideSolutionNode = FALSE
	EndGlobalSection
	GlobalSection(ExtensibilityGlobals) = postSolution
		SolutionGuid = {208D66C2-33DF-4DE9-B5A8-EF981B100EFE}
	EndGlobalSection
EndGlobal
